// !$*UTF8*$!
{
	archiveVersion = 1;
	classes = {
	};
	objectVersion = 50;
	objects = {

/* Begin PBXBuildFile section */
		C90987BB217FAAC80002128D /* AppDelegate.swift in Sources */ = {isa = PBXBuildFile; fileRef = C90987BA217FAAC80002128D /* AppDelegate.swift */; };
		C90987BD217FAAC80002128D /* ViewController.swift in Sources */ = {isa = PBXBuildFile; fileRef = C90987BC217FAAC80002128D /* ViewController.swift */; };
		C90987C2217FAAC80002128D /* Assets.xcassets in Resources */ = {isa = PBXBuildFile; fileRef = C90987C1217FAAC80002128D /* Assets.xcassets */; };
		C90987C5217FAAC80002128D /* LaunchScreen.storyboard in Resources */ = {isa = PBXBuildFile; fileRef = C90987C3217FAAC80002128D /* LaunchScreen.storyboard */; };
		C90987D2217FAE420002128D /* SearchResultsViewController.swift in Sources */ = {isa = PBXBuildFile; fileRef = C90987D1217FAE420002128D /* SearchResultsViewController.swift */; };
		C90987DD217FB22E0002128D /* GiphyCoreSDK.framework in Embed Frameworks */ = {isa = PBXBuildFile; fileRef = C90987DB217FB21E0002128D /* GiphyCoreSDK.framework */; settings = {ATTRIBUTES = (CodeSignOnCopy, RemoveHeadersOnCopy, ); }; };
		C90987DF217FB6540002128D /* CollectionViewGIFCell.swift in Sources */ = {isa = PBXBuildFile; fileRef = C90987DE217FB6540002128D /* CollectionViewGIFCell.swift */; };
		C90987E1217FC04F0002128D /* CollectionViewMasonryLayout.swift in Sources */ = {isa = PBXBuildFile; fileRef = C90987E0217FC04F0002128D /* CollectionViewMasonryLayout.swift */; };
		C90987E7217FEBA70002128D /* YYWebImage.framework in Embed Frameworks */ = {isa = PBXBuildFile; fileRef = C90987E5217FEA400002128D /* YYWebImage.framework */; settings = {ATTRIBUTES = (CodeSignOnCopy, RemoveHeadersOnCopy, ); }; };
		C90987E921800A1B0002128D /* GiphySearchController.swift in Sources */ = {isa = PBXBuildFile; fileRef = C90987E821800A1B0002128D /* GiphySearchController.swift */; };
/* End PBXBuildFile section */

/* Begin PBXCopyFilesBuildPhase section */
		C90987D7217FB20E0002128D /* Embed Frameworks */ = {
			isa = PBXCopyFilesBuildPhase;
			buildActionMask = 2147483647;
			dstPath = "";
			dstSubfolderSpec = 10;
			files = (
				C90987DD217FB22E0002128D /* GiphyCoreSDK.framework in Embed Frameworks */,
				C90987E7217FEBA70002128D /* YYWebImage.framework in Embed Frameworks */,
			);
			name = "Embed Frameworks";
			runOnlyForDeploymentPostprocessing = 0;
		};
/* End PBXCopyFilesBuildPhase section */

/* Begin PBXFileReference section */
		C90987B7217FAAC80002128D /* GIFs.app */ = {isa = PBXFileReference; explicitFileType = wrapper.application; includeInIndex = 0; path = GIFs.app; sourceTree = BUILT_PRODUCTS_DIR; };
		C90987BA217FAAC80002128D /* AppDelegate.swift */ = {isa = PBXFileReference; lastKnownFileType = sourcecode.swift; path = AppDelegate.swift; sourceTree = "<group>"; };
		C90987BC217FAAC80002128D /* ViewController.swift */ = {isa = PBXFileReference; lastKnownFileType = sourcecode.swift; path = ViewController.swift; sourceTree = "<group>"; };
		C90987C1217FAAC80002128D /* Assets.xcassets */ = {isa = PBXFileReference; lastKnownFileType = folder.assetcatalog; path = Assets.xcassets; sourceTree = "<group>"; };
		C90987C4217FAAC80002128D /* Base */ = {isa = PBXFileReference; lastKnownFileType = file.storyboard; name = Base; path = Base.lproj/LaunchScreen.storyboard; sourceTree = "<group>"; };
		C90987C6217FAAC80002128D /* Info.plist */ = {isa = PBXFileReference; lastKnownFileType = text.plist.xml; path = Info.plist; sourceTree = "<group>"; };
		C90987D0217FAD040002128D /* .swiftlint.yml */ = {isa = PBXFileReference; lastKnownFileType = text; path = .swiftlint.yml; sourceTree = "<group>"; };
		C90987D1217FAE420002128D /* SearchResultsViewController.swift */ = {isa = PBXFileReference; lastKnownFileType = sourcecode.swift; path = SearchResultsViewController.swift; sourceTree = "<group>"; };
		C90987D3217FB07F0002128D /* Cartfile */ = {isa = PBXFileReference; lastKnownFileType = text; path = Cartfile; sourceTree = "<group>"; };
		C90987DB217FB21E0002128D /* GiphyCoreSDK.framework */ = {isa = PBXFileReference; lastKnownFileType = wrapper.framework; path = GiphyCoreSDK.framework; sourceTree = BUILT_PRODUCTS_DIR; };
		C90987DE217FB6540002128D /* CollectionViewGIFCell.swift */ = {isa = PBXFileReference; lastKnownFileType = sourcecode.swift; path = CollectionViewGIFCell.swift; sourceTree = "<group>"; };
		C90987E0217FC04F0002128D /* CollectionViewMasonryLayout.swift */ = {isa = PBXFileReference; lastKnownFileType = sourcecode.swift; path = CollectionViewMasonryLayout.swift; sourceTree = "<group>"; };
		C90987E5217FEA400002128D /* YYWebImage.framework */ = {isa = PBXFileReference; lastKnownFileType = wrapper.framework; path = YYWebImage.framework; sourceTree = BUILT_PRODUCTS_DIR; };
		C90987E821800A1B0002128D /* GiphySearchController.swift */ = {isa = PBXFileReference; lastKnownFileType = sourcecode.swift; path = GiphySearchController.swift; sourceTree = "<group>"; };
/* End PBXFileReference section */

/* Begin PBXFrameworksBuildPhase section */
		C90987B4217FAAC80002128D /* Frameworks */ = {
			isa = PBXFrameworksBuildPhase;
			buildActionMask = 2147483647;
			files = (
			);
			runOnlyForDeploymentPostprocessing = 0;
		};
/* End PBXFrameworksBuildPhase section */

/* Begin PBXGroup section */
		C90987AE217FAAC80002128D = {
			isa = PBXGroup;
			children = (
				C90987B9217FAAC80002128D /* GIFs */,
				C90987CC217FABBC0002128D /* Tools */,
				C90987D8217FB2140002128D /* Frameworks */,
				C90987B8217FAAC80002128D /* Products */,
			);
			sourceTree = "<group>";
		};
		C90987B8217FAAC80002128D /* Products */ = {
			isa = PBXGroup;
			children = (
				C90987B7217FAAC80002128D /* GIFs.app */,
			);
			name = Products;
			sourceTree = "<group>";
		};
		C90987B9217FAAC80002128D /* GIFs */ = {
			isa = PBXGroup;
			children = (
				C90987BA217FAAC80002128D /* AppDelegate.swift */,
				C90987BC217FAAC80002128D /* ViewController.swift */,
				C90987E821800A1B0002128D /* GiphySearchController.swift */,
				C90987D1217FAE420002128D /* SearchResultsViewController.swift */,
				C90987DE217FB6540002128D /* CollectionViewGIFCell.swift */,
				C90987E0217FC04F0002128D /* CollectionViewMasonryLayout.swift */,
				C90987C1217FAAC80002128D /* Assets.xcassets */,
				C90987C3217FAAC80002128D /* LaunchScreen.storyboard */,
				C90987C6217FAAC80002128D /* Info.plist */,
			);
			path = GIFs;
			sourceTree = "<group>";
		};
		C90987CC217FABBC0002128D /* Tools */ = {
			isa = PBXGroup;
			children = (
				C90987D3217FB07F0002128D /* Cartfile */,
				C90987D0217FAD040002128D /* .swiftlint.yml */,
			);
			name = Tools;
			sourceTree = "<group>";
		};
		C90987D8217FB2140002128D /* Frameworks */ = {
			isa = PBXGroup;
			children = (
				C90987DB217FB21E0002128D /* GiphyCoreSDK.framework */,
				C90987E5217FEA400002128D /* YYWebImage.framework */,
			);
			name = Frameworks;
			sourceTree = "<group>";
		};
/* End PBXGroup section */

/* Begin PBXNativeTarget section */
		C90987B6217FAAC80002128D /* GIFs */ = {
			isa = PBXNativeTarget;
			buildConfigurationList = C90987C9217FAAC80002128D /* Build configuration list for PBXNativeTarget "GIFs" */;
			buildPhases = (
				C90987B3217FAAC80002128D /* Sources */,
				C90987CF217FAC0E0002128D /* Lint Sources */,
				C90987B4217FAAC80002128D /* Frameworks */,
				C90987B5217FAAC80002128D /* Resources */,
				C90987D7217FB20E0002128D /* Embed Frameworks */,
			);
			buildRules = (
			);
			dependencies = (
			);
			name = GIFs;
			productName = GIFs;
			productReference = C90987B7217FAAC80002128D /* GIFs.app */;
			productType = "com.apple.product-type.application";
		};
/* End PBXNativeTarget section */

/* Begin PBXProject section */
		C90987AF217FAAC80002128D /* Project object */ = {
			isa = PBXProject;
			attributes = {
				LastSwiftUpdateCheck = 1000;
				LastUpgradeCheck = 1000;
				ORGANIZATIONNAME = "Matt Rubin";
				TargetAttributes = {
					C90987B6217FAAC80002128D = {
						CreatedOnToolsVersion = 10.0;
					};
				};
			};
			buildConfigurationList = C90987B2217FAAC80002128D /* Build configuration list for PBXProject "GIFs" */;
			compatibilityVersion = "Xcode 9.3";
			developmentRegion = en;
			hasScannedForEncodings = 0;
			knownRegions = (
				en,
				Base,
			);
			mainGroup = C90987AE217FAAC80002128D;
			productRefGroup = C90987B8217FAAC80002128D /* Products */;
			projectDirPath = "";
			projectRoot = "";
			targets = (
				C90987B6217FAAC80002128D /* GIFs */,
			);
		};
/* End PBXProject section */

/* Begin PBXResourcesBuildPhase section */
		C90987B5217FAAC80002128D /* Resources */ = {
			isa = PBXResourcesBuildPhase;
			buildActionMask = 2147483647;
			files = (
				C90987C5217FAAC80002128D /* LaunchScreen.storyboard in Resources */,
				C90987C2217FAAC80002128D /* Assets.xcassets in Resources */,
			);
			runOnlyForDeploymentPostprocessing = 0;
		};
/* End PBXResourcesBuildPhase section */

/* Begin PBXShellScriptBuildPhase section */
		C90987CF217FAC0E0002128D /* Lint Sources */ = {
			isa = PBXShellScriptBuildPhase;
			buildActionMask = 2147483647;
			files = (
			);
			inputFileListPaths = (
			);
			inputPaths = (
			);
			name = "Lint Sources";
			outputFileListPaths = (
			);
			outputPaths = (
			);
			runOnlyForDeploymentPostprocessing = 0;
			shellPath = /bin/sh;
			shellScript = "if which swiftlint >/dev/null; then\n    swiftlint\nelse\n    echo \"SwiftLint does not exist, download from https://github.com/realm/SwiftLint\"\nfi\n";
		};
/* End PBXShellScriptBuildPhase section */

/* Begin PBXSourcesBuildPhase section */
		C90987B3217FAAC80002128D /* Sources */ = {
			isa = PBXSourcesBuildPhase;
			buildActionMask = 2147483647;
			files = (
				C90987BD217FAAC80002128D /* ViewController.swift in Sources */,
				C90987E921800A1B0002128D /* GiphySearchController.swift in Sources */,
				C90987E1217FC04F0002128D /* CollectionViewMasonryLayout.swift in Sources */,
				C90987D2217FAE420002128D /* SearchResultsViewController.swift in Sources */,
				C90987DF217FB6540002128D /* CollectionViewGIFCell.swift in Sources */,
				C90987BB217FAAC80002128D /* AppDelegate.swift in Sources */,
			);
			runOnlyForDeploymentPostprocessing = 0;
		};
/* End PBXSourcesBuildPhase section */

/* Begin PBXVariantGroup section */
		C90987C3217FAAC80002128D /* LaunchScreen.storyboard */ = {
			isa = PBXVariantGroup;
			children = (
				C90987C4217FAAC80002128D /* Base */,
			);
			name = LaunchScreen.storyboard;
			sourceTree = "<group>";
		};
/* End PBXVariantGroup section */

/* Begin XCBuildConfiguration section */
		C90987C7217FAAC80002128D /* Debug */ = {
			isa = XCBuildConfiguration;
			buildSettings = {
				ALWAYS_SEARCH_USER_PATHS = NO;
				CLANG_ANALYZER_NONNULL = YES;
				CLANG_ANALYZER_NUMBER_OBJECT_CONVERSION = YES_AGGRESSIVE;
				CLANG_CXX_LANGUAGE_STANDARD = "gnu++14";
				CLANG_CXX_LIBRARY = "libc++";
				CLANG_ENABLE_MODULES = YES;
				CLANG_ENABLE_OBJC_ARC = YES;
				CLANG_ENABLE_OBJC_WEAK = YES;
				CLANG_WARN_BLOCK_CAPTURE_AUTORELEASING = YES;
				CLANG_WARN_BOOL_CONVERSION = YES;
				CLANG_WARN_COMMA = YES;
				CLANG_WARN_CONSTANT_CONVERSION = YES;
				CLANG_WARN_DEPRECATED_OBJC_IMPLEMENTATIONS = YES;
				CLANG_WARN_DIRECT_OBJC_ISA_USAGE = YES_ERROR;
				CLANG_WARN_DOCUMENTATION_COMMENTS = YES;
				CLANG_WARN_EMPTY_BODY = YES;
				CLANG_WARN_ENUM_CONVERSION = YES;
				CLANG_WARN_INFINITE_RECURSION = YES;
				CLANG_WARN_INT_CONVERSION = YES;
				CLANG_WARN_NON_LITERAL_NULL_CONVERSION = YES;
				CLANG_WARN_OBJC_IMPLICIT_RETAIN_SELF = YES;
				CLANG_WARN_OBJC_LITERAL_CONVERSION = YES;
				CLANG_WARN_OBJC_ROOT_CLASS = YES_ERROR;
				CLANG_WARN_RANGE_LOOP_ANALYSIS = YES;
				CLANG_WARN_STRICT_PROTOTYPES = YES;
				CLANG_WARN_SUSPICIOUS_MOVE = YES;
				CLANG_WARN_UNGUARDED_AVAILABILITY = YES_AGGRESSIVE;
				CLANG_WARN_UNREACHABLE_CODE = YES;
				CLANG_WARN__DUPLICATE_METHOD_MATCH = YES;
				CODE_SIGN_IDENTITY = "iPhone Developer";
				COPY_PHASE_STRIP = NO;
				DEBUG_INFORMATION_FORMAT = dwarf;
				ENABLE_STRICT_OBJC_MSGSEND = YES;
				ENABLE_TESTABILITY = YES;
				GCC_C_LANGUAGE_STANDARD = gnu11;
				GCC_DYNAMIC_NO_PIC = NO;
				GCC_NO_COMMON_BLOCKS = YES;
				GCC_OPTIMIZATION_LEVEL = 0;
				GCC_PREPROCESSOR_DEFINITIONS = (
					"DEBUG=1",
					"$(inherited)",
				);
				GCC_WARN_64_TO_32_BIT_CONVERSION = YES;
				GCC_WARN_ABOUT_RETURN_TYPE = YES_ERROR;
				GCC_WARN_UNDECLARED_SELECTOR = YES;
				GCC_WARN_UNINITIALIZED_AUTOS = YES_AGGRESSIVE;
				GCC_WARN_UNUSED_FUNCTION = YES;
				GCC_WARN_UNUSED_VARIABLE = YES;
				IPHONEOS_DEPLOYMENT_TARGET = 12.0;
				MTL_ENABLE_DEBUG_INFO = INCLUDE_SOURCE;
				MTL_FAST_MATH = YES;
				ONLY_ACTIVE_ARCH = YES;
				SDKROOT = iphoneos;
				SWIFT_ACTIVE_COMPILATION_CONDITIONS = DEBUG;
				SWIFT_OPTIMIZATION_LEVEL = "-Onone";
			};
			name = Debug;
		};
		C90987C8217FAAC80002128D /* Release */ = {
			isa = XCBuildConfiguration;
			buildSettings = {
				ALWAYS_SEARCH_USER_PATHS = NO;
				CLANG_ANALYZER_NONNULL = YES;
				CLANG_ANALYZER_NUMBER_OBJECT_CONVERSION = YES_AGGRESSIVE;
				CLANG_CXX_LANGUAGE_STANDARD = "gnu++14";
				CLANG_CXX_LIBRARY = "libc++";
				CLANG_ENABLE_MODULES = YES;
				CLANG_ENABLE_OBJC_ARC = YES;
				CLANG_ENABLE_OBJC_WEAK = YES;
				CLANG_WARN_BLOCK_CAPTURE_AUTORELEASING = YES;
				CLANG_WARN_BOOL_CONVERSION = YES;
				CLANG_WARN_COMMA = YES;
				CLANG_WARN_CONSTANT_CONVERSION = YES;
				CLANG_WARN_DEPRECATED_OBJC_IMPLEMENTATIONS = YES;
				CLANG_WARN_DIRECT_OBJC_ISA_USAGE = YES_ERROR;
				CLANG_WARN_DOCUMENTATION_COMMENTS = YES;
				CLANG_WARN_EMPTY_BODY = YES;
				CLANG_WARN_ENUM_CONVERSION = YES;
				CLANG_WARN_INFINITE_RECURSION = YES;
				CLANG_WARN_INT_CONVERSION = YES;
				CLANG_WARN_NON_LITERAL_NULL_CONVERSION = YES;
				CLANG_WARN_OBJC_IMPLICIT_RETAIN_SELF = YES;
				CLANG_WARN_OBJC_LITERAL_CONVERSION = YES;
				CLANG_WARN_OBJC_ROOT_CLASS = YES_ERROR;
				CLANG_WARN_RANGE_LOOP_ANALYSIS = YES;
				CLANG_WARN_STRICT_PROTOTYPES = YES;
				CLANG_WARN_SUSPICIOUS_MOVE = YES;
				CLANG_WARN_UNGUARDED_AVAILABILITY = YES_AGGRESSIVE;
				CLANG_WARN_UNREACHABLE_CODE = YES;
				CLANG_WARN__DUPLICATE_METHOD_MATCH = YES;
				CODE_SIGN_IDENTITY = "iPhone Developer";
				COPY_PHASE_STRIP = NO;
				DEBUG_INFORMATION_FORMAT = "dwarf-with-dsym";
				ENABLE_NS_ASSERTIONS = NO;
				ENABLE_STRICT_OBJC_MSGSEND = YES;
				GCC_C_LANGUAGE_STANDARD = gnu11;
				GCC_NO_COMMON_BLOCKS = YES;
				GCC_WARN_64_TO_32_BIT_CONVERSION = YES;
				GCC_WARN_ABOUT_RETURN_TYPE = YES_ERROR;
				GCC_WARN_UNDECLARED_SELECTOR = YES;
				GCC_WARN_UNINITIALIZED_AUTOS = YES_AGGRESSIVE;
				GCC_WARN_UNUSED_FUNCTION = YES;
				GCC_WARN_UNUSED_VARIABLE = YES;
				IPHONEOS_DEPLOYMENT_TARGET = 12.0;
				MTL_ENABLE_DEBUG_INFO = NO;
				MTL_FAST_MATH = YES;
				SDKROOT = iphoneos;
				SWIFT_COMPILATION_MODE = wholemodule;
				SWIFT_OPTIMIZATION_LEVEL = "-O";
				VALIDATE_PRODUCT = YES;
			};
			name = Release;
		};
		C90987CA217FAAC80002128D /* Debug */ = {
			isa = XCBuildConfiguration;
			buildSettings = {
				ASSETCATALOG_COMPILER_APPICON_NAME = AppIcon;
				CODE_SIGN_STYLE = Automatic;
				DEVELOPMENT_TEAM = WD7ETSN9J9;
				INFOPLIST_FILE = GIFs/Info.plist;
				LD_RUNPATH_SEARCH_PATHS = (
					"$(inherited)",
					"@executable_path/Frameworks",
				);
				PRODUCT_BUNDLE_IDENTIFIER = me.mattrubin.GIFs;
				PRODUCT_NAME = "$(TARGET_NAME)";
				SWIFT_VERSION = 4.2;
				TARGETED_DEVICE_FAMILY = "1,2";
			};
			name = Debug;
		};
		C90987CB217FAAC80002128D /* Release */ = {
			isa = XCBuildConfiguration;
			buildSettings = {
				ASSETCATALOG_COMPILER_APPICON_NAME = AppIcon;
				CODE_SIGN_STYLE = Automatic;
				DEVELOPMENT_TEAM = WD7ETSN9J9;
				INFOPLIST_FILE = GIFs/Info.plist;
				LD_RUNPATH_SEARCH_PATHS = (
					"$(inherited)",
					"@executable_path/Frameworks",
				);
				PRODUCT_BUNDLE_IDENTIFIER = me.mattrubin.GIFs;
				PRODUCT_NAME = "$(TARGET_NAME)";
				SWIFT_VERSION = 4.2;
				TARGETED_DEVICE_FAMILY = "1,2";
			};
			name = Release;
		};
/* End XCBuildConfiguration section */

/* Begin XCConfigurationList section */
		C90987B2217FAAC80002128D /* Build configuration list for PBXProject "GIFs" */ = {
			isa = XCConfigurationList;
			buildConfigurations = (
				C90987C7217FAAC80002128D /* Debug */,
				C90987C8217FAAC80002128D /* Release */,
			);
			defaultConfigurationIsVisible = 0;
			defaultConfigurationName = Release;
		};
		C90987C9217FAAC80002128D /* Build configuration list for PBXNativeTarget "GIFs" */ = {
			isa = XCConfigurationList;
			buildConfigurations = (
				C90987CA217FAAC80002128D /* Debug */,
				C90987CB217FAAC80002128D /* Release */,
			);
			defaultConfigurationIsVisible = 0;
			defaultConfigurationName = Release;
		};
/* End XCConfigurationList section */
	};
	rootObject = C90987AF217FAAC80002128D /* Project object */;
}
